
Microsoft Visual Studio Solution File, Format Version 12.00
# Visual Studio Version 17
VisualStudioVersion = 17.9.34616.47
MinimumVisualStudioVersion = 10.0.40219.1
Project("{FAE04EC0-301F-11D3-BF4B-00C04F79EFBC}") = "PM_Table_Operations", "PM_Table_Operations\PM_Table_Operations.csproj", "{ABF7C7BE-B271-4AE7-87B3-D3DD7126FE30}"
EndProject
Global
	GlobalSection(SolutionConfigurationPlatforms) = preSolution
		Debug|Any CPU = Debug|Any CPU
		Release|Any CPU = Release|Any CPU
	EndGlobalSection
	GlobalSection(ProjectConfigurationPlatforms) = postSolution
		{ABF7C7BE-B271-4AE7-87B3-D3DD7126FE30}.Debug|Any CPU.ActiveCfg = Debug|Any CPU
		{ABF7C7BE-B271-4AE7-87B3-D3DD7126FE30}.Debug|Any CPU.Build.0 = Debug|Any CPU
		{ABF7C7BE-B271-4AE7-87B3-D3DD7126FE30}.Release|Any CPU.ActiveCfg = Release|Any CPU
		{ABF7C7BE-B271-4AE7-87B3-D3DD7126FE30}.Release|Any CPU.Build.0 = Release|Any CPU
	EndGlobalSection
	GlobalSection(SolutionProperties) = preSolution
		HideSolutionNode = FALSE
	EndGlobalSection
	GlobalSection(ExtensibilityGlobals) = postSolution
		SolutionGuid = {42743FEF-4B62-4BB0-BE7A-49C3AA6D9F21}
	EndGlobalSection
EndGlobal
